
Microsoft Visual Studio Solution File, Format Version 12.00
# Visual Studio Version 17
VisualStudioVersion = 17.14.36414.22 d17.14
MinimumVisualStudioVersion = 10.0.40219.1
Project("{FAE04EC0-301F-11D3-BF4B-00C04F79EFBC}") = "JAKA_TESTAPP", "JAKA_TESTAPP\JAKA_TESTAPP.csproj", "{E370B0B1-B2CA-492E-9492-EB1BCD9A896D}"
EndProject
Global
	GlobalSection(SolutionConfigurationPlatforms) = preSolution
		Debug|Any CPU = Debug|Any CPU
		Release|Any CPU = Release|Any CPU
	EndGlobalSection
	GlobalSection(ProjectConfigurationPlatforms) = postSolution
		{E370B0B1-B2CA-492E-9492-EB1BCD9A896D}.Debug|Any CPU.ActiveCfg = Debug|Any CPU
		{E370B0B1-B2CA-492E-9492-EB1BCD9A896D}.Debug|Any CPU.Build.0 = Debug|Any CPU
		{E370B0B1-B2CA-492E-9492-EB1BCD9A896D}.Release|Any CPU.ActiveCfg = Release|Any CPU
		{E370B0B1-B2CA-492E-9492-EB1BCD9A896D}.Release|Any CPU.Build.0 = Release|Any CPU
	EndGlobalSection
	GlobalSection(SolutionProperties) = preSolution
		HideSolutionNode = FALSE
	EndGlobalSection
	GlobalSection(ExtensibilityGlobals) = postSolution
		SolutionGuid = {913673C8-6D8C-4B8E-81F4-BF470104C592}
	EndGlobalSection
EndGlobal
